
Microsoft Visual Studio Solution File, Format Version 12.00
# Visual Studio 15
VisualStudioVersion = 15.0.27130.2010
MinimumVisualStudioVersion = 10.0.40219.1
Project("{FAE04EC0-301F-11D3-BF4B-00C04F79EFBC}") = "CSVReaderDealerTrack", "CSVReaderDealerTrack\CSVReaderDealerTrack.csproj", "{87E8B162-9D99-4CCE-9CDB-B4FD940AB0DA}"
EndProject
Global
	GlobalSection(SolutionConfigurationPlatforms) = preSolution
		Debug|Any CPU = Debug|Any CPU
		Release|Any CPU = Release|Any CPU
	EndGlobalSection
	GlobalSection(ProjectConfigurationPlatforms) = postSolution
		{87E8B162-9D99-4CCE-9CDB-B4FD940AB0DA}.Debug|Any CPU.ActiveCfg = Debug|Any CPU
		{87E8B162-9D99-4CCE-9CDB-B4FD940AB0DA}.Debug|Any CPU.Build.0 = Debug|Any CPU
		{87E8B162-9D99-4CCE-9CDB-B4FD940AB0DA}.Release|Any CPU.ActiveCfg = Release|Any CPU
		{87E8B162-9D99-4CCE-9CDB-B4FD940AB0DA}.Release|Any CPU.Build.0 = Release|Any CPU
	EndGlobalSection
	GlobalSection(SolutionProperties) = preSolution
		HideSolutionNode = FALSE
	EndGlobalSection
	GlobalSection(ExtensibilityGlobals) = postSolution
		SolutionGuid = {8F3D8596-941F-4374-B349-F58D58C57C60}
	EndGlobalSection
EndGlobal
